// !$*UTF8*$!
{
	archiveVersion = 1;
	classes = {
	};
	objectVersion = 46;
	objects = {

/* Begin PBXBuildFile section */
		874B6DC41B71387F00F1A523 /* main.m in Sources */ = {isa = PBXBuildFile; fileRef = 874B6DC31B71387F00F1A523 /* main.m */; };
		874B6DC71B71387F00F1A523 /* AppDelegate.m in Sources */ = {isa = PBXBuildFile; fileRef = 874B6DC61B71387F00F1A523 /* AppDelegate.m */; };
		874B6DCA1B71387F00F1A523 /* DMVideosViewController.m in Sources */ = {isa = PBXBuildFile; fileRef = 874B6DC91B71387F00F1A523 /* DMVideosViewController.m */; };
		874B6DCD1B71387F00F1A523 /* Main.storyboard in Resources */ = {isa = PBXBuildFile; fileRef = 874B6DCB1B71387F00F1A523 /* Main.storyboard */; };
		874B6DCF1B71387F00F1A523 /* Images.xcassets in Resources */ = {isa = PBXBuildFile; fileRef = 874B6DCE1B71387F00F1A523 /* Images.xcassets */; };
		874B6DD21B71387F00F1A523 /* LaunchScreen.xib in Resources */ = {isa = PBXBuildFile; fileRef = 874B6DD01B71387F00F1A523 /* LaunchScreen.xib */; };
		874B6DDE1B71387F00F1A523 /* MakeSchoolAppTests.m in Sources */ = {isa = PBXBuildFile; fileRef = 874B6DDD1B71387F00F1A523 /* MakeSchoolAppTests.m */; };
		874B6DE91B71390600F1A523 /* DMVideo.m in Sources */ = {isa = PBXBuildFile; fileRef = 874B6DE81B71390600F1A523 /* DMVideo.m */; };
		874B6DEC1B713A7500F1A523 /* DMVideoCollectionViewCell.m in Sources */ = {isa = PBXBuildFile; fileRef = 874B6DEB1B713A7500F1A523 /* DMVideoCollectionViewCell.m */; };
/* End PBXBuildFile section */

/* Begin PBXContainerItemProxy section */
		874B6DD81B71387F00F1A523 /* PBXContainerItemProxy */ = {
			isa = PBXContainerItemProxy;
			containerPortal = 874B6DB61B71387F00F1A523 /* Project object */;
			proxyType = 1;
			remoteGlobalIDString = 874B6DBD1B71387F00F1A523;
			remoteInfo = MakeSchoolApp;
		};
/* End PBXContainerItemProxy section */

/* Begin PBXFileReference section */
		874B6DBE1B71387F00F1A523 /* MakeSchoolApp.app */ = {isa = PBXFileReference; explicitFileType = wrapper.application; includeInIndex = 0; path = MakeSchoolApp.app; sourceTree = BUILT_PRODUCTS_DIR; };
		874B6DC21B71387F00F1A523 /* Info.plist */ = {isa = PBXFileReference; lastKnownFileType = text.plist.xml; path = Info.plist; sourceTree = "<group>"; };
		874B6DC31B71387F00F1A523 /* main.m */ = {isa = PBXFileReference; lastKnownFileType = sourcecode.c.objc; path = main.m; sourceTree = "<group>"; };
		874B6DC51B71387F00F1A523 /* AppDelegate.h */ = {isa = PBXFileReference; lastKnownFileType = sourcecode.c.h; path = AppDelegate.h; sourceTree = "<group>"; };
		874B6DC61B71387F00F1A523 /* AppDelegate.m */ = {isa = PBXFileReference; lastKnownFileType = sourcecode.c.objc; path = AppDelegate.m; sourceTree = "<group>"; };
		874B6DC81B71387F00F1A523 /* DMVideosViewController.h */ = {isa = PBXFileReference; lastKnownFileType = sourcecode.c.h; path = DMVideosViewController.h; sourceTree = "<group>"; };
		874B6DC91B71387F00F1A523 /* DMVideosViewController.m */ = {isa = PBXFileReference; lastKnownFileType = sourcecode.c.objc; path = DMVideosViewController.m; sourceTree = "<group>"; };
		874B6DCC1B71387F00F1A523 /* Base */ = {isa = PBXFileReference; lastKnownFileType = file.storyboard; name = Base; path = Base.lproj/Main.storyboard; sourceTree = "<group>"; };
		874B6DCE1B71387F00F1A523 /* Images.xcassets */ = {isa = PBXFileReference; lastKnownFileType = folder.assetcatalog; path = Images.xcassets; sourceTree = "<group>"; };
		874B6DD11B71387F00F1A523 /* Base */ = {isa = PBXFileReference; lastKnownFileType = file.xib; name = Base; path = Base.lproj/LaunchScreen.xib; sourceTree = "<group>"; };
		874B6DD71B71387F00F1A523 /* MakeSchoolAppTests.xctest */ = {isa = PBXFileReference; explicitFileType = wrapper.cfbundle; includeInIndex = 0; path = MakeSchoolAppTests.xctest; sourceTree = BUILT_PRODUCTS_DIR; };
		874B6DDC1B71387F00F1A523 /* Info.plist */ = {isa = PBXFileReference; lastKnownFileType = text.plist.xml; path = Info.plist; sourceTree = "<group>"; };
		874B6DDD1B71387F00F1A523 /* MakeSchoolAppTests.m */ = {isa = PBXFileReference; lastKnownFileType = sourcecode.c.objc; path = MakeSchoolAppTests.m; sourceTree = "<group>"; };
		874B6DE71B71390600F1A523 /* DMVideo.h */ = {isa = PBXFileReference; fileEncoding = 4; lastKnownFileType = sourcecode.c.h; path = DMVideo.h; sourceTree = "<group>"; };
		874B6DE81B71390600F1A523 /* DMVideo.m */ = {isa = PBXFileReference; fileEncoding = 4; lastKnownFileType = sourcecode.c.objc; path = DMVideo.m; sourceTree = "<group>"; };
		874B6DEA1B713A7500F1A523 /* DMVideoCollectionViewCell.h */ = {isa = PBXFileReference; fileEncoding = 4; lastKnownFileType = sourcecode.c.h; path = DMVideoCollectionViewCell.h; sourceTree = "<group>"; };
		874B6DEB1B713A7500F1A523 /* DMVideoCollectionViewCell.m */ = {isa = PBXFileReference; fileEncoding = 4; lastKnownFileType = sourcecode.c.objc; path = DMVideoCollectionViewCell.m; sourceTree = "<group>"; };
/* End PBXFileReference section */

/* Begin PBXFrameworksBuildPhase section */
		874B6DBB1B71387F00F1A523 /* Frameworks */ = {
			isa = PBXFrameworksBuildPhase;
			buildActionMask = 2147483647;
			files = (
			);
			runOnlyForDeploymentPostprocessing = 0;
		};
		874B6DD41B71387F00F1A523 /* Frameworks */ = {
			isa = PBXFrameworksBuildPhase;
			buildActionMask = 2147483647;
			files = (
			);
			runOnlyForDeploymentPostprocessing = 0;
		};
/* End PBXFrameworksBuildPhase section */

/* Begin PBXGroup section */
		874B6DB51B71387F00F1A523 = {
			isa = PBXGroup;
			children = (
				874B6DC01B71387F00F1A523 /* MakeSchoolApp */,
				874B6DDA1B71387F00F1A523 /* MakeSchoolAppTests */,
				874B6DBF1B71387F00F1A523 /* Products */,
			);
			sourceTree = "<group>";
		};
		874B6DBF1B71387F00F1A523 /* Products */ = {
			isa = PBXGroup;
			children = (
				874B6DBE1B71387F00F1A523 /* MakeSchoolApp.app */,
				874B6DD71B71387F00F1A523 /* MakeSchoolAppTests.xctest */,
			);
			name = Products;
			sourceTree = "<group>";
		};
		874B6DC01B71387F00F1A523 /* MakeSchoolApp */ = {
			isa = PBXGroup;
			children = (
				874B6DC51B71387F00F1A523 /* AppDelegate.h */,
				874B6DC61B71387F00F1A523 /* AppDelegate.m */,
				874B6DC81B71387F00F1A523 /* DMVideosViewController.h */,
				874B6DC91B71387F00F1A523 /* DMVideosViewController.m */,
				874B6DE71B71390600F1A523 /* DMVideo.h */,
				874B6DE81B71390600F1A523 /* DMVideo.m */,
				874B6DEA1B713A7500F1A523 /* DMVideoCollectionViewCell.h */,
				874B6DEB1B713A7500F1A523 /* DMVideoCollectionViewCell.m */,
				874B6DCB1B71387F00F1A523 /* Main.storyboard */,
				874B6DCE1B71387F00F1A523 /* Images.xcassets */,
				874B6DD01B71387F00F1A523 /* LaunchScreen.xib */,
				874B6DC11B71387F00F1A523 /* Supporting Files */,
			);
			path = MakeSchoolApp;
			sourceTree = "<group>";
		};
		874B6DC11B71387F00F1A523 /* Supporting Files */ = {
			isa = PBXGroup;
			children = (
				874B6DC21B71387F00F1A523 /* Info.plist */,
				874B6DC31B71387F00F1A523 /* main.m */,
			);
			name = "Supporting Files";
			sourceTree = "<group>";
		};
		874B6DDA1B71387F00F1A523 /* MakeSchoolAppTests */ = {
			isa = PBXGroup;
			children = (
				874B6DDD1B71387F00F1A523 /* MakeSchoolAppTests.m */,
				874B6DDB1B71387F00F1A523 /* Supporting Files */,
			);
			path = MakeSchoolAppTests;
			sourceTree = "<group>";
		};
		874B6DDB1B71387F00F1A523 /* Supporting Files */ = {
			isa = PBXGroup;
			children = (
				874B6DDC1B71387F00F1A523 /* Info.plist */,
			);
			name = "Supporting Files";
			sourceTree = "<group>";
		};
/* End PBXGroup section */

/* Begin PBXNativeTarget section */
		874B6DBD1B71387F00F1A523 /* MakeSchoolApp */ = {
			isa = PBXNativeTarget;
			buildConfigurationList = 874B6DE11B71387F00F1A523 /* Build configuration list for PBXNativeTarget "MakeSchoolApp" */;
			buildPhases = (
				874B6DBA1B71387F00F1A523 /* Sources */,
				874B6DBB1B71387F00F1A523 /* Frameworks */,
				874B6DBC1B71387F00F1A523 /* Resources */,
			);
			buildRules = (
			);
			dependencies = (
			);
			name = MakeSchoolApp;
			productName = MakeSchoolApp;
			productReference = 874B6DBE1B71387F00F1A523 /* MakeSchoolApp.app */;
			productType = "com.apple.product-type.application";
		};
		874B6DD61B71387F00F1A523 /* MakeSchoolAppTests */ = {
			isa = PBXNativeTarget;
			buildConfigurationList = 874B6DE41B71387F00F1A523 /* Build configuration list for PBXNativeTarget "MakeSchoolAppTests" */;
			buildPhases = (
				874B6DD31B71387F00F1A523 /* Sources */,
				874B6DD41B71387F00F1A523 /* Frameworks */,
				874B6DD51B71387F00F1A523 /* Resources */,
			);
			buildRules = (
			);
			dependencies = (
				874B6DD91B71387F00F1A523 /* PBXTargetDependency */,
			);
			name = MakeSchoolAppTests;
			productName = MakeSchoolAppTests;
			productReference = 874B6DD71B71387F00F1A523 /* MakeSchoolAppTests.xctest */;
			productType = "com.apple.product-type.bundle.unit-test";
		};
/* End PBXNativeTarget section */

/* Begin PBXProject section */
		874B6DB61B71387F00F1A523 /* Project object */ = {
			isa = PBXProject;
			attributes = {
				LastUpgradeCheck = 0640;
				ORGANIZATIONNAME = Dailymotion;
				TargetAttributes = {
					874B6DBD1B71387F00F1A523 = {
						CreatedOnToolsVersion = 6.4;
					};
					874B6DD61B71387F00F1A523 = {
						CreatedOnToolsVersion = 6.4;
						TestTargetID = 874B6DBD1B71387F00F1A523;
					};
				};
			};
			buildConfigurationList = 874B6DB91B71387F00F1A523 /* Build configuration list for PBXProject "MakeSchoolApp" */;
			compatibilityVersion = "Xcode 3.2";
			developmentRegion = English;
			hasScannedForEncodings = 0;
			knownRegions = (
				en,
				Base,
			);
			mainGroup = 874B6DB51B71387F00F1A523;
			productRefGroup = 874B6DBF1B71387F00F1A523 /* Products */;
			projectDirPath = "";
			projectRoot = "";
			targets = (
				874B6DBD1B71387F00F1A523 /* MakeSchoolApp */,
				874B6DD61B71387F00F1A523 /* MakeSchoolAppTests */,
			);
		};
/* End PBXProject section */

/* Begin PBXResourcesBuildPhase section */
		874B6DBC1B71387F00F1A523 /* Resources */ = {
			isa = PBXResourcesBuildPhase;
			buildActionMask = 2147483647;
			files = (
				874B6DCD1B71387F00F1A523 /* Main.storyboard in Resources */,
				874B6DD21B71387F00F1A523 /* LaunchScreen.xib in Resources */,
				874B6DCF1B71387F00F1A523 /* Images.xcassets in Resources */,
			);
			runOnlyForDeploymentPostprocessing = 0;
		};
		874B6DD51B71387F00F1A523 /* Resources */ = {
			isa = PBXResourcesBuildPhase;
			buildActionMask = 2147483647;
			files = (
			);
			runOnlyForDeploymentPostprocessing = 0;
		};
/* End PBXResourcesBuildPhase section */

/* Begin PBXSourcesBuildPhase section */
		874B6DBA1B71387F00F1A523 /* Sources */ = {
			isa = PBXSourcesBuildPhase;
			buildActionMask = 2147483647;
			files = (
				874B6DE91B71390600F1A523 /* DMVideo.m in Sources */,
				874B6DEC1B713A7500F1A523 /* DMVideoCollectionViewCell.m in Sources */,
				874B6DCA1B71387F00F1A523 /* DMVideosViewController.m in Sources */,
				874B6DC71B71387F00F1A523 /* AppDelegate.m in Sources */,
				874B6DC41B71387F00F1A523 /* main.m in Sources */,
			);
			runOnlyForDeploymentPostprocessing = 0;
		};
		874B6DD31B71387F00F1A523 /* Sources */ = {
			isa = PBXSourcesBuildPhase;
			buildActionMask = 2147483647;
			files = (
				874B6DDE1B71387F00F1A523 /* MakeSchoolAppTests.m in Sources */,
			);
			runOnlyForDeploymentPostprocessing = 0;
		};
/* End PBXSourcesBuildPhase section */

/* Begin PBXTargetDependency section */
		874B6DD91B71387F00F1A523 /* PBXTargetDependency */ = {
			isa = PBXTargetDependency;
			target = 874B6DBD1B71387F00F1A523 /* MakeSchoolApp */;
			targetProxy = 874B6DD81B71387F00F1A523 /* PBXContainerItemProxy */;
		};
/* End PBXTargetDependency section */

/* Begin PBXVariantGroup section */
		874B6DCB1B71387F00F1A523 /* Main.storyboard */ = {
			isa = PBXVariantGroup;
			children = (
				874B6DCC1B71387F00F1A523 /* Base */,
			);
			name = Main.storyboard;
			sourceTree = "<group>";
		};
		874B6DD01B71387F00F1A523 /* LaunchScreen.xib */ = {
			isa = PBXVariantGroup;
			children = (
				874B6DD11B71387F00F1A523 /* Base */,
			);
			name = LaunchScreen.xib;
			sourceTree = "<group>";
		};
/* End PBXVariantGroup section */

/* Begin XCBuildConfiguration section */
		874B6DDF1B71387F00F1A523 /* Debug */ = {
			isa = XCBuildConfiguration;
			buildSettings = {
				ALWAYS_SEARCH_USER_PATHS = NO;
				CLANG_CXX_LANGUAGE_STANDARD = "gnu++0x";
				CLANG_CXX_LIBRARY = "libc++";
				CLANG_ENABLE_MODULES = YES;
				CLANG_ENABLE_OBJC_ARC = YES;
				CLANG_WARN_BOOL_CONVERSION = YES;
				CLANG_WARN_CONSTANT_CONVERSION = YES;
				CLANG_WARN_DIRECT_OBJC_ISA_USAGE = YES_ERROR;
				CLANG_WARN_EMPTY_BODY = YES;
				CLANG_WARN_ENUM_CONVERSION = YES;
				CLANG_WARN_INT_CONVERSION = YES;
				CLANG_WARN_OBJC_ROOT_CLASS = YES_ERROR;
				CLANG_WARN_UNREACHABLE_CODE = YES;
				CLANG_WARN__DUPLICATE_METHOD_MATCH = YES;
				"CODE_SIGN_IDENTITY[sdk=iphoneos*]" = "iPhone Developer";
				COPY_PHASE_STRIP = NO;
				DEBUG_INFORMATION_FORMAT = "dwarf-with-dsym";
				ENABLE_STRICT_OBJC_MSGSEND = YES;
				GCC_C_LANGUAGE_STANDARD = gnu99;
				GCC_DYNAMIC_NO_PIC = NO;
				GCC_NO_COMMON_BLOCKS = YES;
				GCC_OPTIMIZATION_LEVEL = 0;
				GCC_PREPROCESSOR_DEFINITIONS = (
					"DEBUG=1",
					"$(inherited)",
				);
				GCC_SYMBOLS_PRIVATE_EXTERN = NO;
				GCC_WARN_64_TO_32_BIT_CONVERSION = YES;
				GCC_WARN_ABOUT_RETURN_TYPE = YES_ERROR;
				GCC_WARN_UNDECLARED_SELECTOR = YES;
				GCC_WARN_UNINITIALIZED_AUTOS = YES_AGGRESSIVE;
				GCC_WARN_UNUSED_FUNCTION = YES;
				GCC_WARN_UNUSED_VARIABLE = YES;
				IPHONEOS_DEPLOYMENT_TARGET = 8.4;
				MTL_ENABLE_DEBUG_INFO = YES;
				ONLY_ACTIVE_ARCH = YES;
				SDKROOT = iphoneos;
				TARGETED_DEVICE_FAMILY = "1,2";
			};
			name = Debug;
		};
		874B6DE01B71387F00F1A523 /* Release */ = {
			isa = XCBuildConfiguration;
			buildSettings = {
				ALWAYS_SEARCH_USER_PATHS = NO;
				CLANG_CXX_LANGUAGE_STANDARD = "gnu++0x";
				CLANG_CXX_LIBRARY = "libc++";
				CLANG_ENABLE_MODULES = YES;
				CLANG_ENABLE_OBJC_ARC = YES;
				CLANG_WARN_BOOL_CONVERSION = YES;
				CLANG_WARN_CONSTANT_CONVERSION = YES;
				CLANG_WARN_DIRECT_OBJC_ISA_USAGE = YES_ERROR;
				CLANG_WARN_EMPTY_BODY = YES;
				CLANG_WARN_ENUM_CONVERSION = YES;
				CLANG_WARN_INT_CONVERSION = YES;
				CLANG_WARN_OBJC_ROOT_CLASS = YES_ERROR;
				CLANG_WARN_UNREACHABLE_CODE = YES;
				CLANG_WARN__DUPLICATE_METHOD_MATCH = YES;
				"CODE_SIGN_IDENTITY[sdk=iphoneos*]" = "iPhone Developer";
				COPY_PHASE_STRIP = NO;
				DEBUG_INFORMATION_FORMAT = "dwarf-with-dsym";
				ENABLE_NS_ASSERTIONS = NO;
				ENABLE_STRICT_OBJC_MSGSEND = YES;
				GCC_C_LANGUAGE_STANDARD = gnu99;
				GCC_NO_COMMON_BLOCKS = YES;
				GCC_WARN_64_TO_32_BIT_CONVERSION = YES;
				GCC_WARN_ABOUT_RETURN_TYPE = YES_ERROR;
				GCC_WARN_UNDECLARED_SELECTOR = YES;
				GCC_WARN_UNINITIALIZED_AUTOS = YES_AGGRESSIVE;
				GCC_WARN_UNUSED_FUNCTION = YES;
				GCC_WARN_UNUSED_VARIABLE = YES;
				IPHONEOS_DEPLOYMENT_TARGET = 8.4;
				MTL_ENABLE_DEBUG_INFO = NO;
				SDKROOT = iphoneos;
				TARGETED_DEVICE_FAMILY = "1,2";
				VALIDATE_PRODUCT = YES;
			};
			name = Release;
		};
		874B6DE21B71387F00F1A523 /* Debug */ = {
			isa = XCBuildConfiguration;
			buildSettings = {
				ASSETCATALOG_COMPILER_APPICON_NAME = AppIcon;
				INFOPLIST_FILE = MakeSchoolApp/Info.plist;
				IPHONEOS_DEPLOYMENT_TARGET = 8.0;
				LD_RUNPATH_SEARCH_PATHS = "$(inherited) @executable_path/Frameworks";
				PRODUCT_NAME = "$(TARGET_NAME)";
			};
			name = Debug;
		};
		874B6DE31B71387F00F1A523 /* Release */ = {
			isa = XCBuildConfiguration;
			buildSettings = {
				ASSETCATALOG_COMPILER_APPICON_NAME = AppIcon;
				INFOPLIST_FILE = MakeSchoolApp/Info.plist;
				IPHONEOS_DEPLOYMENT_TARGET = 8.0;
				LD_RUNPATH_SEARCH_PATHS = "$(inherited) @executable_path/Frameworks";
				PRODUCT_NAME = "$(TARGET_NAME)";
			};
			name = Release;
		};
		874B6DE51B71387F00F1A523 /* Debug */ = {
			isa = XCBuildConfiguration;
			buildSettings = {
				BUNDLE_LOADER = "$(TEST_HOST)";
				FRAMEWORK_SEARCH_PATHS = (
					"$(SDKROOT)/Developer/Library/Frameworks",
					"$(inherited)",
				);
				GCC_PREPROCESSOR_DEFINITIONS = (
					"DEBUG=1",
					"$(inherited)",
				);
				INFOPLIST_FILE = MakeSchoolAppTests/Info.plist;
				LD_RUNPATH_SEARCH_PATHS = "$(inherited) @executable_path/Frameworks @loader_path/Frameworks";
				PRODUCT_NAME = "$(TARGET_NAME)";
				TEST_HOST = "$(BUILT_PRODUCTS_DIR)/MakeSchoolApp.app/MakeSchoolApp";
			};
			name = Debug;
		};
		874B6DE61B71387F00F1A523 /* Release */ = {
			isa = XCBuildConfiguration;
			buildSettings = {
				BUNDLE_LOADER = "$(TEST_HOST)";
				FRAMEWORK_SEARCH_PATHS = (
					"$(SDKROOT)/Developer/Library/Frameworks",
					"$(inherited)",
				);
				INFOPLIST_FILE = MakeSchoolAppTests/Info.plist;
				LD_RUNPATH_SEARCH_PATHS = "$(inherited) @executable_path/Frameworks @loader_path/Frameworks";
				PRODUCT_NAME = "$(TARGET_NAME)";
				TEST_HOST = "$(BUILT_PRODUCTS_DIR)/MakeSchoolApp.app/MakeSchoolApp";
			};
			name = Release;
		};
/* End XCBuildConfiguration section */

/* Begin XCConfigurationList section */
		874B6DB91B71387F00F1A523 /* Build configuration list for PBXProject "MakeSchoolApp" */ = {
			isa = XCConfigurationList;
			buildConfigurations = (
				874B6DDF1B71387F00F1A523 /* Debug */,
				874B6DE01B71387F00F1A523 /* Release */,
			);
			defaultConfigurationIsVisible = 0;
			defaultConfigurationName = Release;
		};
		874B6DE11B71387F00F1A523 /* Build configuration list for PBXNativeTarget "MakeSchoolApp" */ = {
			isa = XCConfigurationList;
			buildConfigurations = (
				874B6DE21B71387F00F1A523 /* Debug */,
				874B6DE31B71387F00F1A523 /* Release */,
			);
			defaultConfigurationIsVisible = 0;
			defaultConfigurationName = Release;
		};
		874B6DE41B71387F00F1A523 /* Build configuration list for PBXNativeTarget "MakeSchoolAppTests" */ = {
			isa = XCConfigurationList;
			buildConfigurations = (
				874B6DE51B71387F00F1A523 /* Debug */,
				874B6DE61B71387F00F1A523 /* Release */,
			);
			defaultConfigurationIsVisible = 0;
			defaultConfigurationName = Release;
		};
/* End XCConfigurationList section */
	};
	rootObject = 874B6DB61B71387F00F1A523 /* Project object */;
}
